
Microsoft Visual Studio Solution File, Format Version 12.00
# Visual Studio Version 16
VisualStudioVersion = 16.0.32630.194
MinimumVisualStudioVersion = 10.0.40219.1
Project("{FAE04EC0-301F-11D3-BF4B-00C04F79EFBC}") = "Joyeria_Parcial", "Joyeria_Parcial\Joyeria_Parcial.csproj", "{D077F800-2FDC-4182-9290-2001FE7CBF01}"
EndProject
Global
	GlobalSection(SolutionConfigurationPlatforms) = preSolution
		Debug|Any CPU = Debug|Any CPU
		Release|Any CPU = Release|Any CPU
	EndGlobalSection
	GlobalSection(ProjectConfigurationPlatforms) = postSolution
		{D077F800-2FDC-4182-9290-2001FE7CBF01}.Debug|Any CPU.ActiveCfg = Debug|Any CPU
		{D077F800-2FDC-4182-9290-2001FE7CBF01}.Debug|Any CPU.Build.0 = Debug|Any CPU
		{D077F800-2FDC-4182-9290-2001FE7CBF01}.Release|Any CPU.ActiveCfg = Release|Any CPU
		{D077F800-2FDC-4182-9290-2001FE7CBF01}.Release|Any CPU.Build.0 = Release|Any CPU
	EndGlobalSection
	GlobalSection(SolutionProperties) = preSolution
		HideSolutionNode = FALSE
	EndGlobalSection
	GlobalSection(ExtensibilityGlobals) = postSolution
		SolutionGuid = {A5A966B5-C79C-4C71-B8CC-07E26F1663A8}
	EndGlobalSection
EndGlobal
